
Microsoft Visual Studio Solution File, Format Version 12.00
# Visual Studio Version 17
VisualStudioVersion = 17.8.34511.84
MinimumVisualStudioVersion = 10.0.40219.1
Project("{FAE04EC0-301F-11D3-BF4B-00C04F79EFBC}") = "E-ComWeb", "E-ComWeb\E-ComWeb.csproj", "{9BA2B180-4DE1-4169-8859-6914062360E2}"
EndProject
Global
	GlobalSection(SolutionConfigurationPlatforms) = preSolution
		Debug|Any CPU = Debug|Any CPU
		Release|Any CPU = Release|Any CPU
	EndGlobalSection
	GlobalSection(ProjectConfigurationPlatforms) = postSolution
		{9BA2B180-4DE1-4169-8859-6914062360E2}.Debug|Any CPU.ActiveCfg = Debug|Any CPU
		{9BA2B180-4DE1-4169-8859-6914062360E2}.Debug|Any CPU.Build.0 = Debug|Any CPU
		{9BA2B180-4DE1-4169-8859-6914062360E2}.Release|Any CPU.ActiveCfg = Release|Any CPU
		{9BA2B180-4DE1-4169-8859-6914062360E2}.Release|Any CPU.Build.0 = Release|Any CPU
	EndGlobalSection
	GlobalSection(SolutionProperties) = preSolution
		HideSolutionNode = FALSE
	EndGlobalSection
	GlobalSection(ExtensibilityGlobals) = postSolution
		SolutionGuid = {38FB8EF0-5C95-4880-8BCA-4D637690E9DB}
	EndGlobalSection
EndGlobal
